
Microsoft Visual Studio Solution File, Format Version 12.00
# Visual Studio Version 16
VisualStudioVersion = 16.0.30503.244
MinimumVisualStudioVersion = 10.0.40219.1
Project("{9A19103F-16F7-4668-BE54-9A1E7A4F7556}") = "LabOOP_3", "LabOOP_3.csproj", "{A1655186-2FFF-4541-9917-D304F2900ED4}"
EndProject
Global
	GlobalSection(SolutionConfigurationPlatforms) = preSolution
		Debug|Any CPU = Debug|Any CPU
		Release|Any CPU = Release|Any CPU
	EndGlobalSection
	GlobalSection(ProjectConfigurationPlatforms) = postSolution
		{A1655186-2FFF-4541-9917-D304F2900ED4}.Debug|Any CPU.ActiveCfg = Debug|Any CPU
		{A1655186-2FFF-4541-9917-D304F2900ED4}.Debug|Any CPU.Build.0 = Debug|Any CPU
		{A1655186-2FFF-4541-9917-D304F2900ED4}.Release|Any CPU.ActiveCfg = Release|Any CPU
		{A1655186-2FFF-4541-9917-D304F2900ED4}.Release|Any CPU.Build.0 = Release|Any CPU
	EndGlobalSection
	GlobalSection(SolutionProperties) = preSolution
		HideSolutionNode = FALSE
	EndGlobalSection
	GlobalSection(ExtensibilityGlobals) = postSolution
		SolutionGuid = {FC4FDCCE-3726-4BEC-90E9-13CF69331426}
	EndGlobalSection
EndGlobal
