
Microsoft Visual Studio Solution File, Format Version 12.00
# Visual Studio Version 16
VisualStudioVersion = 16.0.30503.244
MinimumVisualStudioVersion = 10.0.40219.1
Project("{FAE04EC0-301F-11D3-BF4B-00C04F79EFBC}") = "CalcTestProject", "CalcTestProject.csproj", "{3CA6C9B0-AF41-4F6D-9F31-76FEC2B872C0}"
EndProject
Project("{FAE04EC0-301F-11D3-BF4B-00C04F79EFBC}") = "Calc", "..\Calc\Calc.csproj", "{2CD69385-064E-4EFF-9DE9-14B3D8D503B7}"
EndProject
Global
	GlobalSection(SolutionConfigurationPlatforms) = preSolution
		Debug|Any CPU = Debug|Any CPU
		Release|Any CPU = Release|Any CPU
	EndGlobalSection
	GlobalSection(ProjectConfigurationPlatforms) = postSolution
		{3CA6C9B0-AF41-4F6D-9F31-76FEC2B872C0}.Debug|Any CPU.ActiveCfg = Debug|Any CPU
		{3CA6C9B0-AF41-4F6D-9F31-76FEC2B872C0}.Debug|Any CPU.Build.0 = Debug|Any CPU
		{3CA6C9B0-AF41-4F6D-9F31-76FEC2B872C0}.Release|Any CPU.ActiveCfg = Release|Any CPU
		{3CA6C9B0-AF41-4F6D-9F31-76FEC2B872C0}.Release|Any CPU.Build.0 = Release|Any CPU
		{2CD69385-064E-4EFF-9DE9-14B3D8D503B7}.Debug|Any CPU.ActiveCfg = Debug|Any CPU
		{2CD69385-064E-4EFF-9DE9-14B3D8D503B7}.Debug|Any CPU.Build.0 = Debug|Any CPU
		{2CD69385-064E-4EFF-9DE9-14B3D8D503B7}.Release|Any CPU.ActiveCfg = Release|Any CPU
		{2CD69385-064E-4EFF-9DE9-14B3D8D503B7}.Release|Any CPU.Build.0 = Release|Any CPU
	EndGlobalSection
	GlobalSection(SolutionProperties) = preSolution
		HideSolutionNode = FALSE
	EndGlobalSection
	GlobalSection(ExtensibilityGlobals) = postSolution
		SolutionGuid = {96013D45-4D74-445A-8E2E-69511E82E07F}
	EndGlobalSection
EndGlobal
